
Microsoft Visual Studio Solution File, Format Version 12.00
# Visual Studio Version 17
VisualStudioVersion = 17.14.36202.13 d17.14
MinimumVisualStudioVersion = 10.0.40219.1
Project("{FAE04EC0-301F-11D3-BF4B-00C04F79EFBC}") = "WebAPI", "WebAPI\WebAPI.csproj", "{2491E7CF-D514-4099-A486-2AFF113198E8}"
EndProject
Global
	GlobalSection(SolutionConfigurationPlatforms) = preSolution
		Debug|Any CPU = Debug|Any CPU
		Release|Any CPU = Release|Any CPU
	EndGlobalSection
	GlobalSection(ProjectConfigurationPlatforms) = postSolution
		{2491E7CF-D514-4099-A486-2AFF113198E8}.Debug|Any CPU.ActiveCfg = Debug|Any CPU
		{2491E7CF-D514-4099-A486-2AFF113198E8}.Debug|Any CPU.Build.0 = Debug|Any CPU
		{2491E7CF-D514-4099-A486-2AFF113198E8}.Release|Any CPU.ActiveCfg = Release|Any CPU
		{2491E7CF-D514-4099-A486-2AFF113198E8}.Release|Any CPU.Build.0 = Release|Any CPU
	EndGlobalSection
	GlobalSection(SolutionProperties) = preSolution
		HideSolutionNode = FALSE
	EndGlobalSection
	GlobalSection(ExtensibilityGlobals) = postSolution
		SolutionGuid = {8FB69F23-E80B-4CFB-B520-F60DD235B078}
	EndGlobalSection
EndGlobal
